
Microsoft Visual Studio Solution File, Format Version 12.00
# Visual Studio Version 17
VisualStudioVersion = 17.0.31825.309
MinimumVisualStudioVersion = 10.0.40219.1
Project("{9A19103F-16F7-4668-BE54-9A1E7A4F7556}") = "StudentAccomodation", "StudentAccomodation\StudentAccomodation.csproj", "{8FF32347-91EF-4DBE-B402-F60EE49AFEF7}"
EndProject
Global
	GlobalSection(SolutionConfigurationPlatforms) = preSolution
		Debug|Any CPU = Debug|Any CPU
		Release|Any CPU = Release|Any CPU
	EndGlobalSection
	GlobalSection(ProjectConfigurationPlatforms) = postSolution
		{8FF32347-91EF-4DBE-B402-F60EE49AFEF7}.Debug|Any CPU.ActiveCfg = Debug|Any CPU
		{8FF32347-91EF-4DBE-B402-F60EE49AFEF7}.Debug|Any CPU.Build.0 = Debug|Any CPU
		{8FF32347-91EF-4DBE-B402-F60EE49AFEF7}.Release|Any CPU.ActiveCfg = Release|Any CPU
		{8FF32347-91EF-4DBE-B402-F60EE49AFEF7}.Release|Any CPU.Build.0 = Release|Any CPU
	EndGlobalSection
	GlobalSection(SolutionProperties) = preSolution
		HideSolutionNode = FALSE
	EndGlobalSection
	GlobalSection(ExtensibilityGlobals) = postSolution
		SolutionGuid = {0A21C735-07C6-415D-98D4-BEF59576C261}
	EndGlobalSection
EndGlobal
